
Microsoft Visual Studio Solution File, Format Version 12.00
# Visual Studio 15
VisualStudioVersion = 15.0.28307.168
MinimumVisualStudioVersion = 10.0.40219.1
Project("{8BC9CEB8-8B4A-11D0-8D11-00A0C91BC942}") = "lockout", "lockout\lockout.vcxproj", "{CAC94657-F670-4463-AA3C-45F6120D1FED}"
EndProject
Global
	GlobalSection(SolutionConfigurationPlatforms) = preSolution
		Debug|x64 = Debug|x64
		Debug|x86 = Debug|x86
		Release|x64 = Release|x64
		Release|x86 = Release|x86
	EndGlobalSection
	GlobalSection(ProjectConfigurationPlatforms) = postSolution
		{CAC94657-F670-4463-AA3C-45F6120D1FED}.Debug|x64.ActiveCfg = Debug|x64
		{CAC94657-F670-4463-AA3C-45F6120D1FED}.Debug|x64.Build.0 = Debug|x64
		{CAC94657-F670-4463-AA3C-45F6120D1FED}.Debug|x86.ActiveCfg = Debug|Win32
		{CAC94657-F670-4463-AA3C-45F6120D1FED}.Debug|x86.Build.0 = Debug|Win32
		{CAC94657-F670-4463-AA3C-45F6120D1FED}.Release|x64.ActiveCfg = Release|x64
		{CAC94657-F670-4463-AA3C-45F6120D1FED}.Release|x64.Build.0 = Release|x64
		{CAC94657-F670-4463-AA3C-45F6120D1FED}.Release|x86.ActiveCfg = Release|Win32
		{CAC94657-F670-4463-AA3C-45F6120D1FED}.Release|x86.Build.0 = Release|Win32
	EndGlobalSection
	GlobalSection(SolutionProperties) = preSolution
		HideSolutionNode = FALSE
	EndGlobalSection
	GlobalSection(ExtensibilityGlobals) = postSolution
		SolutionGuid = {1C58609B-4F5B-406C-B734-B9CD018CD67A}
	EndGlobalSection
EndGlobal
